
Microsoft Visual Studio Solution File, Format Version 12.00
# Visual Studio Version 17
VisualStudioVersion = 17.2.32519.379
MinimumVisualStudioVersion = 10.0.40219.1
Project("{FAE04EC0-301F-11D3-BF4B-00C04F79EFBC}") = "Exercicios Lista 2", "Exercicios Lista 2\Exercicios Lista 2.csproj", "{B8379803-A6AF-4821-B427-ABA9FBD98352}"
EndProject
Global
	GlobalSection(SolutionConfigurationPlatforms) = preSolution
		Debug|Any CPU = Debug|Any CPU
		Release|Any CPU = Release|Any CPU
	EndGlobalSection
	GlobalSection(ProjectConfigurationPlatforms) = postSolution
		{B8379803-A6AF-4821-B427-ABA9FBD98352}.Debug|Any CPU.ActiveCfg = Debug|Any CPU
		{B8379803-A6AF-4821-B427-ABA9FBD98352}.Debug|Any CPU.Build.0 = Debug|Any CPU
		{B8379803-A6AF-4821-B427-ABA9FBD98352}.Release|Any CPU.ActiveCfg = Release|Any CPU
		{B8379803-A6AF-4821-B427-ABA9FBD98352}.Release|Any CPU.Build.0 = Release|Any CPU
	EndGlobalSection
	GlobalSection(SolutionProperties) = preSolution
		HideSolutionNode = FALSE
	EndGlobalSection
	GlobalSection(ExtensibilityGlobals) = postSolution
		SolutionGuid = {9E5A4BED-D616-4719-BCB5-85C12CFDDC6E}
	EndGlobalSection
EndGlobal
