
Microsoft Visual Studio Solution File, Format Version 12.00
# Visual Studio Version 17
VisualStudioVersion = 17.2.32519.379
MinimumVisualStudioVersion = 10.0.40219.1
Project("{FAE04EC0-301F-11D3-BF4B-00C04F79EFBC}") = "Exercicios Vetores", "Exercicios Vetores\Exercicios Vetores.csproj", "{45CB74A3-B105-4E6D-B865-59B9CB1AAEC4}"
EndProject
Global
	GlobalSection(SolutionConfigurationPlatforms) = preSolution
		Debug|Any CPU = Debug|Any CPU
		Release|Any CPU = Release|Any CPU
	EndGlobalSection
	GlobalSection(ProjectConfigurationPlatforms) = postSolution
		{45CB74A3-B105-4E6D-B865-59B9CB1AAEC4}.Debug|Any CPU.ActiveCfg = Debug|Any CPU
		{45CB74A3-B105-4E6D-B865-59B9CB1AAEC4}.Debug|Any CPU.Build.0 = Debug|Any CPU
		{45CB74A3-B105-4E6D-B865-59B9CB1AAEC4}.Release|Any CPU.ActiveCfg = Release|Any CPU
		{45CB74A3-B105-4E6D-B865-59B9CB1AAEC4}.Release|Any CPU.Build.0 = Release|Any CPU
	EndGlobalSection
	GlobalSection(SolutionProperties) = preSolution
		HideSolutionNode = FALSE
	EndGlobalSection
	GlobalSection(ExtensibilityGlobals) = postSolution
		SolutionGuid = {EFC14935-5135-421C-B0A1-20EE2D0608C5}
	EndGlobalSection
EndGlobal
