
Microsoft Visual Studio Solution File, Format Version 12.00
# Visual Studio Version 17
VisualStudioVersion = 17.2.32519.379
MinimumVisualStudioVersion = 10.0.40219.1
Project("{FAE04EC0-301F-11D3-BF4B-00C04F79EFBC}") = "Calculator", "Calculator\Calculator.csproj", "{4C48C59F-E747-49D1-B60F-9411F31A1010}"
EndProject
Global
	GlobalSection(SolutionConfigurationPlatforms) = preSolution
		Debug|Any CPU = Debug|Any CPU
		Release|Any CPU = Release|Any CPU
	EndGlobalSection
	GlobalSection(ProjectConfigurationPlatforms) = postSolution
		{4C48C59F-E747-49D1-B60F-9411F31A1010}.Debug|Any CPU.ActiveCfg = Debug|Any CPU
		{4C48C59F-E747-49D1-B60F-9411F31A1010}.Debug|Any CPU.Build.0 = Debug|Any CPU
		{4C48C59F-E747-49D1-B60F-9411F31A1010}.Release|Any CPU.ActiveCfg = Release|Any CPU
		{4C48C59F-E747-49D1-B60F-9411F31A1010}.Release|Any CPU.Build.0 = Release|Any CPU
	EndGlobalSection
	GlobalSection(SolutionProperties) = preSolution
		HideSolutionNode = FALSE
	EndGlobalSection
	GlobalSection(ExtensibilityGlobals) = postSolution
		SolutionGuid = {E891A64B-8D9A-4284-BAA9-4BEBADB666FB}
	EndGlobalSection
EndGlobal
