
Microsoft Visual Studio Solution File, Format Version 12.00
# Visual Studio Version 17
VisualStudioVersion = 17.2.32519.379
MinimumVisualStudioVersion = 10.0.40219.1
Project("{FAE04EC0-301F-11D3-BF4B-00C04F79EFBC}") = "Exercicios 3 (enum)", "Exercicios 3 (enum)\Exercicios 3 (enum).csproj", "{F3529337-C757-4FF4-9594-F00EDC04F0C9}"
EndProject
Global
	GlobalSection(SolutionConfigurationPlatforms) = preSolution
		Debug|Any CPU = Debug|Any CPU
		Release|Any CPU = Release|Any CPU
	EndGlobalSection
	GlobalSection(ProjectConfigurationPlatforms) = postSolution
		{F3529337-C757-4FF4-9594-F00EDC04F0C9}.Debug|Any CPU.ActiveCfg = Debug|Any CPU
		{F3529337-C757-4FF4-9594-F00EDC04F0C9}.Debug|Any CPU.Build.0 = Debug|Any CPU
		{F3529337-C757-4FF4-9594-F00EDC04F0C9}.Release|Any CPU.ActiveCfg = Release|Any CPU
		{F3529337-C757-4FF4-9594-F00EDC04F0C9}.Release|Any CPU.Build.0 = Release|Any CPU
	EndGlobalSection
	GlobalSection(SolutionProperties) = preSolution
		HideSolutionNode = FALSE
	EndGlobalSection
	GlobalSection(ExtensibilityGlobals) = postSolution
		SolutionGuid = {CF811DF7-CD8F-4E63-A5FE-50BCB87D589A}
	EndGlobalSection
EndGlobal
