
Microsoft Visual Studio Solution File, Format Version 12.00
# Visual Studio Version 17
VisualStudioVersion = 17.2.32519.379
MinimumVisualStudioVersion = 10.0.40219.1
Project("{FAE04EC0-301F-11D3-BF4B-00C04F79EFBC}") = "Aprendizado2", "Aprendizado2\Aprendizado2.csproj", "{C9A25987-955A-4A13-963B-1B2FAEDF79DB}"
EndProject
Global
	GlobalSection(SolutionConfigurationPlatforms) = preSolution
		Debug|Any CPU = Debug|Any CPU
		Release|Any CPU = Release|Any CPU
	EndGlobalSection
	GlobalSection(ProjectConfigurationPlatforms) = postSolution
		{C9A25987-955A-4A13-963B-1B2FAEDF79DB}.Debug|Any CPU.ActiveCfg = Debug|Any CPU
		{C9A25987-955A-4A13-963B-1B2FAEDF79DB}.Debug|Any CPU.Build.0 = Debug|Any CPU
		{C9A25987-955A-4A13-963B-1B2FAEDF79DB}.Release|Any CPU.ActiveCfg = Release|Any CPU
		{C9A25987-955A-4A13-963B-1B2FAEDF79DB}.Release|Any CPU.Build.0 = Release|Any CPU
	EndGlobalSection
	GlobalSection(SolutionProperties) = preSolution
		HideSolutionNode = FALSE
	EndGlobalSection
	GlobalSection(ExtensibilityGlobals) = postSolution
		SolutionGuid = {8B164E15-9A96-426D-B0C5-D5ACB1BADB51}
	EndGlobalSection
EndGlobal
