
Microsoft Visual Studio Solution File, Format Version 12.00
# Visual Studio Version 17
VisualStudioVersion = 17.2.32519.379
MinimumVisualStudioVersion = 10.0.40219.1
Project("{FAE04EC0-301F-11D3-BF4B-00C04F79EFBC}") = "Exercicio (Heranca)", "Exercicio (Heranca)\Exercicio (Heranca).csproj", "{B2E7A10F-B554-4D19-80B3-1BB790CD604D}"
EndProject
Global
	GlobalSection(SolutionConfigurationPlatforms) = preSolution
		Debug|Any CPU = Debug|Any CPU
		Release|Any CPU = Release|Any CPU
	EndGlobalSection
	GlobalSection(ProjectConfigurationPlatforms) = postSolution
		{B2E7A10F-B554-4D19-80B3-1BB790CD604D}.Debug|Any CPU.ActiveCfg = Debug|Any CPU
		{B2E7A10F-B554-4D19-80B3-1BB790CD604D}.Debug|Any CPU.Build.0 = Debug|Any CPU
		{B2E7A10F-B554-4D19-80B3-1BB790CD604D}.Release|Any CPU.ActiveCfg = Release|Any CPU
		{B2E7A10F-B554-4D19-80B3-1BB790CD604D}.Release|Any CPU.Build.0 = Release|Any CPU
	EndGlobalSection
	GlobalSection(SolutionProperties) = preSolution
		HideSolutionNode = FALSE
	EndGlobalSection
	GlobalSection(ExtensibilityGlobals) = postSolution
		SolutionGuid = {8D9EDBDC-743E-4A24-A5C7-4D2C43D1A6BB}
	EndGlobalSection
EndGlobal
