
Microsoft Visual Studio Solution File, Format Version 12.00
# Visual Studio Version 17
VisualStudioVersion = 17.2.32519.379
MinimumVisualStudioVersion = 10.0.40219.1
Project("{FAE04EC0-301F-11D3-BF4B-00C04F79EFBC}") = "Datas e Horas", "Datas e Horas\Datas e Horas.csproj", "{DC82CE72-E12D-4A4D-AF05-861EDB8FA827}"
EndProject
Global
	GlobalSection(SolutionConfigurationPlatforms) = preSolution
		Debug|Any CPU = Debug|Any CPU
		Release|Any CPU = Release|Any CPU
	EndGlobalSection
	GlobalSection(ProjectConfigurationPlatforms) = postSolution
		{DC82CE72-E12D-4A4D-AF05-861EDB8FA827}.Debug|Any CPU.ActiveCfg = Debug|Any CPU
		{DC82CE72-E12D-4A4D-AF05-861EDB8FA827}.Debug|Any CPU.Build.0 = Debug|Any CPU
		{DC82CE72-E12D-4A4D-AF05-861EDB8FA827}.Release|Any CPU.ActiveCfg = Release|Any CPU
		{DC82CE72-E12D-4A4D-AF05-861EDB8FA827}.Release|Any CPU.Build.0 = Release|Any CPU
	EndGlobalSection
	GlobalSection(SolutionProperties) = preSolution
		HideSolutionNode = FALSE
	EndGlobalSection
	GlobalSection(ExtensibilityGlobals) = postSolution
		SolutionGuid = {D772A30D-7C2D-4979-A2BC-BE5E655B17A0}
	EndGlobalSection
EndGlobal
