
Microsoft Visual Studio Solution File, Format Version 12.00
# Visual Studio Version 17
VisualStudioVersion = 17.2.32519.379
MinimumVisualStudioVersion = 10.0.40219.1
Project("{FAE04EC0-301F-11D3-BF4B-00C04F79EFBC}") = "Matrizes", "Matrizes\Matrizes.csproj", "{D0DEEDE0-5677-42B9-8B3C-8D16EE0D52D8}"
EndProject
Global
	GlobalSection(SolutionConfigurationPlatforms) = preSolution
		Debug|Any CPU = Debug|Any CPU
		Release|Any CPU = Release|Any CPU
	EndGlobalSection
	GlobalSection(ProjectConfigurationPlatforms) = postSolution
		{D0DEEDE0-5677-42B9-8B3C-8D16EE0D52D8}.Debug|Any CPU.ActiveCfg = Debug|Any CPU
		{D0DEEDE0-5677-42B9-8B3C-8D16EE0D52D8}.Debug|Any CPU.Build.0 = Debug|Any CPU
		{D0DEEDE0-5677-42B9-8B3C-8D16EE0D52D8}.Release|Any CPU.ActiveCfg = Release|Any CPU
		{D0DEEDE0-5677-42B9-8B3C-8D16EE0D52D8}.Release|Any CPU.Build.0 = Release|Any CPU
	EndGlobalSection
	GlobalSection(SolutionProperties) = preSolution
		HideSolutionNode = FALSE
	EndGlobalSection
	GlobalSection(ExtensibilityGlobals) = postSolution
		SolutionGuid = {E037CBC1-9553-49E0-BA49-2986D29D4E73}
	EndGlobalSection
EndGlobal
